
Microsoft Visual Studio Solution File, Format Version 12.00
# Visual Studio Version 16
VisualStudioVersion = 16.0.32929.386
MinimumVisualStudioVersion = 10.0.40219.1
Project("{FAE04EC0-301F-11D3-BF4B-00C04F79EFBC}") = "DetectS0", "DetectS0\DetectS0.csproj", "{096BA593-3F7C-429A-8D1B-45DBD21BDF88}"
EndProject
Global
	GlobalSection(SolutionConfigurationPlatforms) = preSolution
		Debug|Any CPU = Debug|Any CPU
		Release|Any CPU = Release|Any CPU
	EndGlobalSection
	GlobalSection(ProjectConfigurationPlatforms) = postSolution
		{096BA593-3F7C-429A-8D1B-45DBD21BDF88}.Debug|Any CPU.ActiveCfg = Debug|Any CPU
		{096BA593-3F7C-429A-8D1B-45DBD21BDF88}.Debug|Any CPU.Build.0 = Debug|Any CPU
		{096BA593-3F7C-429A-8D1B-45DBD21BDF88}.Release|Any CPU.ActiveCfg = Release|Any CPU
		{096BA593-3F7C-429A-8D1B-45DBD21BDF88}.Release|Any CPU.Build.0 = Release|Any CPU
	EndGlobalSection
	GlobalSection(SolutionProperties) = preSolution
		HideSolutionNode = FALSE
	EndGlobalSection
	GlobalSection(ExtensibilityGlobals) = postSolution
		SolutionGuid = {95E16E11-2653-4DB0-A9C6-7B2E985694F2}
	EndGlobalSection
EndGlobal
